
Microsoft Visual Studio Solution File, Format Version 12.00
# Visual Studio Version 17
VisualStudioVersion = 17.8.34330.188
MinimumVisualStudioVersion = 10.0.40219.1
Project("{FAE04EC0-301F-11D3-BF4B-00C04F79EFBC}") = "ExmPrimerParcial", "ExmPrimerParcial\ExmPrimerParcial.csproj", "{1DCE19BA-6845-4865-8F01-75B4985585C9}"
EndProject
Global
	GlobalSection(SolutionConfigurationPlatforms) = preSolution
		Debug|Any CPU = Debug|Any CPU
		Release|Any CPU = Release|Any CPU
	EndGlobalSection
	GlobalSection(ProjectConfigurationPlatforms) = postSolution
		{1DCE19BA-6845-4865-8F01-75B4985585C9}.Debug|Any CPU.ActiveCfg = Debug|Any CPU
		{1DCE19BA-6845-4865-8F01-75B4985585C9}.Debug|Any CPU.Build.0 = Debug|Any CPU
		{1DCE19BA-6845-4865-8F01-75B4985585C9}.Release|Any CPU.ActiveCfg = Release|Any CPU
		{1DCE19BA-6845-4865-8F01-75B4985585C9}.Release|Any CPU.Build.0 = Release|Any CPU
	EndGlobalSection
	GlobalSection(SolutionProperties) = preSolution
		HideSolutionNode = FALSE
	EndGlobalSection
	GlobalSection(ExtensibilityGlobals) = postSolution
		SolutionGuid = {6F6304C4-565C-4616-9E16-B7FCF0D22BF5}
	EndGlobalSection
EndGlobal
